# This file is automatically @generated by Cargo.
# It is not intended for manual editing.
version = 3

[[package]]
name = "aho-corasick"
version = "1.0.1"
source = "registry+https://github.com/rust-lang/crates.io-index"
checksum = "67fc08ce920c31afb70f013dcce1bfc3a3195de6a228474e45e1f145b36f8d04"
dependencies = [
 "memchr",
]

[[package]]
name = "anyhow"
version = "1.0.70"
source = "registry+https://github.com/rust-lang/crates.io-index"
checksum = "7de8ce5e0f9f8d88245311066a578d72b7af3e7088f32783804676302df237e4"

[[package]]
name = "binary_search_tree"
version = "0.2.2"
source = "registry+https://github.com/rust-lang/crates.io-index"
checksum = "ba1e4579698a162f2256fabdb07bb88bf360622342c40375468e91bb107e9e4c"

[[package]]
name = "lazy-regex"
version = "2.5.0"
source = "registry+https://github.com/rust-lang/crates.io-index"
checksum = "ff63c423c68ea6814b7da9e88ce585f793c87ddd9e78f646970891769c8235d4"
dependencies = [
 "lazy-regex-proc_macros",
 "once_cell",
 "regex",
]

[[package]]
name = "lazy-regex-proc_macros"
version = "2.4.1"
source = "registry+https://github.com/rust-lang/crates.io-index"
checksum = "8edfc11b8f56ce85e207e62ea21557cfa09bb24a8f6b04ae181b086ff8611c22"
dependencies = [
 "proc-macro2",
 "quote",
 "regex",
 "syn",
]

[[package]]
name = "memchr"
version = "2.5.0"
source = "registry+https://github.com/rust-lang/crates.io-index"
checksum = "2dffe52ecf27772e601905b7522cb4ef790d2cc203488bbd0e2fe85fcb74566d"

[[package]]
name = "monkey-language"
version = "0.1.0"
dependencies = [
 "anyhow",
 "binary_search_tree",
 "lazy-regex",
 "regex",
 "regex-split",
]

[[package]]
name = "once_cell"
version = "1.18.0"
source = "registry+https://github.com/rust-lang/crates.io-index"
checksum = "dd8b5dd2ae5ed71462c540258bedcb51965123ad7e7ccf4b9a8cafaa4a63576d"

[[package]]
name = "proc-macro2"
version = "1.0.63"
source = "registry+https://github.com/rust-lang/crates.io-index"
checksum = "7b368fba921b0dce7e60f5e04ec15e565b3303972b42bcfde1d0713b881959eb"
dependencies = [
 "unicode-ident",
]

[[package]]
name = "quote"
version = "1.0.28"
source = "registry+https://github.com/rust-lang/crates.io-index"
checksum = "1b9ab9c7eadfd8df19006f1cf1a4aed13540ed5cbc047010ece5826e10825488"
dependencies = [
 "proc-macro2",
]

[[package]]
name = "regex"
version = "1.8.1"
source = "registry+https://github.com/rust-lang/crates.io-index"
checksum = "af83e617f331cc6ae2da5443c602dfa5af81e517212d9d611a5b3ba1777b5370"
dependencies = [
 "aho-corasick",
 "memchr",
 "regex-syntax",
]

[[package]]
name = "regex-split"
version = "0.1.0"
source = "registry+https://github.com/rust-lang/crates.io-index"
checksum = "544861d1810a3e429bb5e80266e537138b0e69e59bed9334326ae129a4c3e676"
dependencies = [
 "regex",
]

[[package]]
name = "regex-syntax"
version = "0.7.1"
source = "registry+https://github.com/rust-lang/crates.io-index"
checksum = "a5996294f19bd3aae0453a862ad728f60e6600695733dd5df01da90c54363a3c"

[[package]]
name = "syn"
version = "1.0.109"
source = "registry+https://github.com/rust-lang/crates.io-index"
checksum = "72b64191b275b66ffe2469e8af2c1cfe3bafa67b529ead792a6d0160888b4237"
dependencies = [
 "proc-macro2",
 "quote",
 "unicode-ident",
]

[[package]]
name = "unicode-ident"
version = "1.0.9"
source = "registry+https://github.com/rust-lang/crates.io-index"
checksum = "b15811caf2415fb889178633e7724bad2509101cde276048e013b9def5e51fa0"
